{
  "requires": true,
  "lockfileVersion": 1,
  "dependencies": {
    "2": {
      "version": "1.0.2",
      "resolved": "https://registry.npmjs.org/2/-/2-1.0.2.tgz",
      "integrity": "sha512-G0Eca6Fz2qJKvjM9/niouz5kWTZy7pm+LRAMXir5v+DOt4bMszVlfIYKy2T+TPKnGxpp236pzK7/chNuToWlnQ=="
    },
    "3": {
      "version": "2.1.0",
      "resolved": "https://registry.npmjs.org/3/-/3-2.1.0.tgz",
      "integrity": "sha512-rEoeK/qBZCLzqt9a3Q3Dnb5TUyXnZlxVaWr9ZXBV65Ppzcz59dx3Ik5YUxtni+36CtZgJdhQaYkLgHBdqjxjoA==",
      "requires": {
        "2": "^1.0.2",
        "chunk-array": "^1.0.2",
        "enforce-range": "^1.0.0"
      }
    },
    "@types/backstopjs": {
      "version": "6.1.3",
      "resolved": "https://registry.npmjs.org/@types/backstopjs/-/backstopjs-6.1.3.tgz",
      "integrity": "sha512-cBb8CN9lCtfKnBAoPF9AZ3qFcju0UyQmfB2h98klVHIPMyeoa5RWZ2WxtiPgyJjqHtugVLtO46E2oX8Oeb+15A==",
      "dev": true
    },
    "backstop": {
      "version": "1.0.1",
      "resolved": "https://registry.npmjs.org/backstop/-/backstop-1.0.1.tgz",
      "integrity": "sha512-1vLEMys4xy7ffDuTZQnjk7+30fwxQ5Nw5P7KDqm0TtsqsTM38aITYAJ083AEX/uojgtB/iBaq2B6ZygLjNAjUw==",
      "dev": true
    },
    "chunk-array": {
      "version": "1.0.2",
      "resolved": "https://registry.npmjs.org/chunk-array/-/chunk-array-1.0.2.tgz",
      "integrity": "sha512-NdHMmQ59t0VOwG+md2fYfLbmeaN1ZeX+4rEKgOj2vqgJsuXyTvSgYLZ9jEU8xwmB4nm6DeuuAkU/Y67LpGlvHQ=="
    },
    "enforce-range": {
      "version": "1.0.0",
      "resolved": "https://registry.npmjs.org/enforce-range/-/enforce-range-1.0.0.tgz",
      "integrity": "sha512-iOYthPljA5P/S823In8avtTbeUl8/uTP1+pqy08ryb8jeMO2enuIO/f72QFFqT4GTNiOe0yWPIzXB9nR3u6O5A==",
      "requires": {
        "2": "^1.0.2"
      }
    },
    "@next/swc-darwin-arm64": {
      "version": "14.2.5",
      "resolved": "https://registry.npmjs.org/@next/swc-darwin-arm64/-/swc-darwin-arm64-14.2.5.tgz",
      "integrity": "sha512-/9zVxJ+K9lrzSGli1///ujyRfon/ZneeZ+v4ptpiPoOU+GKZnm8Wj8ELWU1Pm7GHltYRBklmXMTUqM/DqQ99FQ==",
      "optional": true
    },
    "@next/swc-darwin-x64": {
      "version": "14.2.5",
      "resolved": "https://registry.npmjs.org/@next/swc-darwin-x64/-/swc-darwin-x64-14.2.5.tgz",
      "integrity": "sha512-vXHOPCwfDe9qLDuq7U1OYM2wUY+KQ4Ex6ozwsKxp26BlJ6XXbHleOUldenM67JRyBfVjv371oneEvYd3H2gNSA==",
      "optional": true
    },
    "@next/swc-linux-arm64-gnu": {
      "version": "14.2.5",
      "resolved": "https://registry.npmjs.org/@next/swc-linux-arm64-gnu/-/swc-linux-arm64-gnu-14.2.5.tgz",
      "integrity": "sha512-vlhB8wI+lj8q1ExFW8lbWutA4M2ZazQNvMWuEDqZcuJJc78iUnLdPPunBPX8rC4IgT6lIx/adB+Cwrl99MzNaA==",
      "optional": true
    },
    "@next/swc-linux-arm64-musl": {
      "version": "14.2.5",
      "resolved": "https://registry.npmjs.org/@next/swc-linux-arm64-musl/-/swc-linux-arm64-musl-14.2.5.tgz",
      "integrity": "sha512-NpDB9NUR2t0hXzJJwQSGu1IAOYybsfeB+LxpGsXrRIb7QOrYmidJz3shzY8cM6+rO4Aojuef0N/PEaX18pi9OA==",
      "optional": true
    },
    "@next/swc-linux-x64-gnu": {
      "version": "14.2.5",
      "resolved": "https://registry.npmjs.org/@next/swc-linux-x64-gnu/-/swc-linux-x64-gnu-14.2.5.tgz",
      "integrity": "sha512-8XFikMSxWleYNryWIjiCX+gU201YS+erTUidKdyOVYi5qUQo/gRxv/3N1oZFCgqpesN6FPeqGM72Zve+nReVXQ==",
      "optional": true
    },
    "@next/swc-linux-x64-musl": {
      "version": "14.2.5",
      "resolved": "https://registry.npmjs.org/@next/swc-linux-x64-musl/-/swc-linux-x64-musl-14.2.5.tgz",
      "integrity": "sha512-6QLwi7RaYiQDcRDSU/os40r5o06b5ue7Jsk5JgdRBGGp8l37RZEh9JsLSM8QF0YDsgcosSeHjglgqi25+m04IQ==",
      "optional": true
    },
    "@next/swc-win32-arm64-msvc": {
      "version": "14.2.5",
      "resolved": "https://registry.npmjs.org/@next/swc-win32-arm64-msvc/-/swc-win32-arm64-msvc-14.2.5.tgz",
      "integrity": "sha512-1GpG2VhbspO+aYoMOQPQiqc/tG3LzmsdBH0LhnDS3JrtDx2QmzXe0B6mSZZiN3Bq7IOMXxv1nlsjzoS1+9mzZw==",
      "optional": true
    },
    "@next/swc-win32-ia32-msvc": {
      "version": "14.2.5",
      "resolved": "https://registry.npmjs.org/@next/swc-win32-ia32-msvc/-/swc-win32-ia32-msvc-14.2.5.tgz",
      "integrity": "sha512-Igh9ZlxwvCDsu6438FXlQTHlRno4gFpJzqPjSIBZooD22tKeI4fE/YMRoHVJHmrQ2P5YL1DoZ0qaOKkbeFWeMg==",
      "optional": true
    },
    "@next/swc-win32-x64-msvc": {
      "version": "14.2.5",
      "resolved": "https://registry.npmjs.org/@next/swc-win32-x64-msvc/-/swc-win32-x64-msvc-14.2.5.tgz",
      "integrity": "sha512-tEQ7oinq1/CjSG9uSTerca3v4AZ+dFa+4Yu6ihaG8Ud8ddqLQgFGcnwYls13H5X5CPDPZJdYxyeMui6muOLd4g==",
      "optional": true
    }
  }
}
